
Microsoft Visual Studio Solution File, Format Version 12.00
# Visual Studio 15
VisualStudioVersion = 15.0.27130.2027
MinimumVisualStudioVersion = 10.0.40219.1
Project("{8BC9CEB8-8B4A-11D0-8D11-00A0C91BC942}") = "hourse", "hourse\hourse.vcxproj", "{97080DC2-3A9B-491E-B268-DA70F33726FB}"
EndProject
Global
	GlobalSection(SolutionConfigurationPlatforms) = preSolution
		Debug|x64 = Debug|x64
		Debug|x86 = Debug|x86
		Release|x64 = Release|x64
		Release|x86 = Release|x86
	EndGlobalSection
	GlobalSection(ProjectConfigurationPlatforms) = postSolution
		{97080DC2-3A9B-491E-B268-DA70F33726FB}.Debug|x64.ActiveCfg = Debug|x64
		{97080DC2-3A9B-491E-B268-DA70F33726FB}.Debug|x64.Build.0 = Debug|x64
		{97080DC2-3A9B-491E-B268-DA70F33726FB}.Debug|x86.ActiveCfg = Debug|Win32
		{97080DC2-3A9B-491E-B268-DA70F33726FB}.Debug|x86.Build.0 = Debug|Win32
		{97080DC2-3A9B-491E-B268-DA70F33726FB}.Release|x64.ActiveCfg = Release|x64
		{97080DC2-3A9B-491E-B268-DA70F33726FB}.Release|x64.Build.0 = Release|x64
		{97080DC2-3A9B-491E-B268-DA70F33726FB}.Release|x86.ActiveCfg = Release|Win32
		{97080DC2-3A9B-491E-B268-DA70F33726FB}.Release|x86.Build.0 = Release|Win32
	EndGlobalSection
	GlobalSection(SolutionProperties) = preSolution
		HideSolutionNode = FALSE
	EndGlobalSection
	GlobalSection(ExtensibilityGlobals) = postSolution
		SolutionGuid = {FE4F01B1-741F-4CDF-86AE-11F7C106B7E1}
	EndGlobalSection
EndGlobal
